{
  "name": "cc-session-recover",
  "version": "0.1.3",
  "lockfileVersion": 3,
  "requires": true,
  "packages": {
    "": {
      "name": "cc-session-recover",
      "version": "0.1.3",
      "license": "MIT",
      "bin": {
        "cc-session-recover": "bin/cli.js"
      },
      "engines": {
        "node": ">=16"
      }
    }
  }
}
